
Microsoft Visual Studio Solution File, Format Version 12.00
# Visual Studio Version 16
VisualStudioVersion = 16.0.30717.126
MinimumVisualStudioVersion = 10.0.40219.1
Project("{9A19103F-16F7-4668-BE54-9A1E7A4F7556}") = "ExcelParser", "ExcelParser\ExcelParser.csproj", "{5B0015DE-4DF3-4408-9FD8-2C08DD929056}"
EndProject
Project("{9A19103F-16F7-4668-BE54-9A1E7A4F7556}") = "ConsoleApp", "ConsoleApp\ConsoleApp.csproj", "{DCFD5800-BEE7-4F07-96FE-682DCA24F723}"
EndProject
Global
	GlobalSection(SolutionConfigurationPlatforms) = preSolution
		Debug|Any CPU = Debug|Any CPU
		Release|Any CPU = Release|Any CPU
	EndGlobalSection
	GlobalSection(ProjectConfigurationPlatforms) = postSolution
		{5B0015DE-4DF3-4408-9FD8-2C08DD929056}.Debug|Any CPU.ActiveCfg = Debug|Any CPU
		{5B0015DE-4DF3-4408-9FD8-2C08DD929056}.Debug|Any CPU.Build.0 = Debug|Any CPU
		{5B0015DE-4DF3-4408-9FD8-2C08DD929056}.Release|Any CPU.ActiveCfg = Release|Any CPU
		{5B0015DE-4DF3-4408-9FD8-2C08DD929056}.Release|Any CPU.Build.0 = Release|Any CPU
		{DCFD5800-BEE7-4F07-96FE-682DCA24F723}.Debug|Any CPU.ActiveCfg = Debug|Any CPU
		{DCFD5800-BEE7-4F07-96FE-682DCA24F723}.Debug|Any CPU.Build.0 = Debug|Any CPU
		{DCFD5800-BEE7-4F07-96FE-682DCA24F723}.Release|Any CPU.ActiveCfg = Release|Any CPU
		{DCFD5800-BEE7-4F07-96FE-682DCA24F723}.Release|Any CPU.Build.0 = Release|Any CPU
	EndGlobalSection
	GlobalSection(SolutionProperties) = preSolution
		HideSolutionNode = FALSE
	EndGlobalSection
	GlobalSection(ExtensibilityGlobals) = postSolution
		SolutionGuid = {69C3D629-2706-4735-9B0C-D8A8AD34BDD7}
	EndGlobalSection
EndGlobal
